<?xml version="1.0" encoding="utf-8"?>
<Project ToolsVersion="4.0" xmlns="http://schemas.microsoft.com/developer/msbuild/2003">
  <ItemGroup>
    <Filter Include="Paddle">
      <UniqueIdentifier>{7a20f652-5a42-4fed-b9d0-216ce5503e67}</UniqueIdentifier>
    </Filter>
    <Filter Include="Net">
      <UniqueIdentifier>{b160db13-8e0b-4338-aaab-862d33fd8e39}</UniqueIdentifier>
    </Filter>
    <Filter Include="Ball">
      <UniqueIdentifier>{25fee6b1-c83a-4149-9c17-4909607b741a}</UniqueIdentifier>
    </Filter>
    <Filter Include="Game">
      <UniqueIdentifier>{ba586a26-1bf0-4ea3-9734-14d172103a44}</UniqueIdentifier>
    </Filter>
  </ItemGroup>
  <ItemGroup>
    <ClCompile Include="Game.cpp">
      <Filter>Game</Filter>
    </ClCompile>
    <ClCompile Include="Paddle.cpp">
      <Filter>Paddle</Filter>
    </ClCompile>
    <ClCompile Include="Net.cpp">
      <Filter>Net</Filter>
    </ClCompile>
    <ClCompile Include="Ball.cpp">
      <Filter>Ball</Filter>
    </ClCompile>
    <ClCompile Include="main.cpp" />
  </ItemGroup>
  <ItemGroup>
    <ClInclude Include="Game.h">
      <Filter>Game</Filter>
    </ClInclude>
    <ClInclude Include="Paddle.h">
      <Filter>Paddle</Filter>
    </ClInclude>
    <ClInclude Include="Net.h">
      <Filter>Net</Filter>
    </ClInclude>
    <ClInclude Include="Ball.h">
      <Filter>Ball</Filter>
    </ClInclude>
  </ItemGroup>
</Project>